// !$*UTF8*$!
{
	archiveVersion = 1;
	classes = {
	};
	objectVersion = 48;
	objects = {

/* Begin PBXBuildFile section */
		D6C777331FCC17C10048837D /* SystemConfiguration.framework in Frameworks */ = {isa = PBXBuildFile; fileRef = D6E628941FCC177E00612C4C /* SystemConfiguration.framework */; };
		D6C777371FCC17DD0048837D /* CoreGraphics.framework in Frameworks */ = {isa = PBXBuildFile; fileRef = D6C777361FCC17CB0048837D /* CoreGraphics.framework */; };
		D6C777391FCC17F10048837D /* Foundation.framework in Frameworks */ = {isa = PBXBuildFile; fileRef = D6C777381FCC17EC0048837D /* Foundation.framework */; };
		D6C7773B1FCC18030048837D /* UIKit.framework in Frameworks */ = {isa = PBXBuildFile; fileRef = D6C7773A1FCC18000048837D /* UIKit.framework */; };
		D6C7773D1FCC18130048837D /* Security.framework in Frameworks */ = {isa = PBXBuildFile; fileRef = D6C7773C1FCC18100048837D /* Security.framework */; };
		D6C7773F1FCC181E0048837D /* libz.tbd in Frameworks */ = {isa = PBXBuildFile; fileRef = D6C7773E1FCC181D0048837D /* libz.tbd */; };
		D6C777411FCC18620048837D /* UserNotifications.framework in Frameworks */ = {isa = PBXBuildFile; fileRef = D6C777401FCC185E0048837D /* UserNotifications.framework */; };
		D6C777431FCC186F0048837D /* libresolv.tbd in Frameworks */ = {isa = PBXBuildFile; fileRef = D6C777421FCC186E0048837D /* libresolv.tbd */; };
		D6E627F81FCC0C1A00612C4C /* AppDelegate.m in Sources */ = {isa = PBXBuildFile; fileRef = D6E627F71FCC0C1A00612C4C /* AppDelegate.m */; };
		D6E627FB1FCC0C1A00612C4C /* ViewController.m in Sources */ = {isa = PBXBuildFile; fileRef = D6E627FA1FCC0C1A00612C4C /* ViewController.m */; };
		D6E627FE1FCC0C1A00612C4C /* Main.storyboard in Resources */ = {isa = PBXBuildFile; fileRef = D6E627FC1FCC0C1A00612C4C /* Main.storyboard */; };
		D6E628001FCC0C1A00612C4C /* Assets.xcassets in Resources */ = {isa = PBXBuildFile; fileRef = D6E627FF1FCC0C1A00612C4C /* Assets.xcassets */; };
		D6E628031FCC0C1A00612C4C /* LaunchScreen.storyboard in Resources */ = {isa = PBXBuildFile; fileRef = D6E628011FCC0C1A00612C4C /* LaunchScreen.storyboard */; };
		D6E628061FCC0C1A00612C4C /* main.m in Sources */ = {isa = PBXBuildFile; fileRef = D6E628051FCC0C1A00612C4C /* main.m */; };
		D6E628101FCC0C1A00612C4C /* JGPushTests.m in Sources */ = {isa = PBXBuildFile; fileRef = D6E6280F1FCC0C1A00612C4C /* JGPushTests.m */; };
		D6E6281B1FCC0C1A00612C4C /* JGPushUITests.m in Sources */ = {isa = PBXBuildFile; fileRef = D6E6281A1FCC0C1A00612C4C /* JGPushUITests.m */; };
		D6E628861FCC169700612C4C /* jpush-ios-3.0.7.a in Frameworks */ = {isa = PBXBuildFile; fileRef = D6E6285D1FCC169700612C4C /* jpush-ios-3.0.7.a */; };
		D6E628871FCC169700612C4C /* jcore-ios-1.1.6.a in Frameworks */ = {isa = PBXBuildFile; fileRef = D6E6285E1FCC169700612C4C /* jcore-ios-1.1.6.a */; };
		D6E628881FCC169700612C4C /* jpush-extension-ios-1.0.0.a in Frameworks */ = {isa = PBXBuildFile; fileRef = D6E6285F1FCC169700612C4C /* jpush-extension-ios-1.0.0.a */; };
		D6E628891FCC169700612C4C /* README.txt in Resources */ = {isa = PBXBuildFile; fileRef = D6E628601FCC169700612C4C /* README.txt */; };
		D6E6288F1FCC176300612C4C /* CFNetwork.framework in Frameworks */ = {isa = PBXBuildFile; fileRef = D6E6288B1FCC170B00612C4C /* CFNetwork.framework */; };
		D6E628921FCC176D00612C4C /* CoreFoundation.framework in Frameworks */ = {isa = PBXBuildFile; fileRef = D6E6288C1FCC171800612C4C /* CoreFoundation.framework */; };
/* End PBXBuildFile section */

/* Begin PBXContainerItemProxy section */
		D6E6280C1FCC0C1A00612C4C /* PBXContainerItemProxy */ = {
			isa = PBXContainerItemProxy;
			containerPortal = D6E627EB1FCC0C1A00612C4C /* Project object */;
			proxyType = 1;
			remoteGlobalIDString = D6E627F21FCC0C1A00612C4C;
			remoteInfo = JGPush;
		};
		D6E628171FCC0C1A00612C4C /* PBXContainerItemProxy */ = {
			isa = PBXContainerItemProxy;
			containerPortal = D6E627EB1FCC0C1A00612C4C /* Project object */;
			proxyType = 1;
			remoteGlobalIDString = D6E627F21FCC0C1A00612C4C;
			remoteInfo = JGPush;
		};
/* End PBXContainerItemProxy section */

/* Begin PBXFileReference section */
		D622F9951FCC19C1009DCA48 /* JGPush.entitlements */ = {isa = PBXFileReference; lastKnownFileType = text.plist.entitlements; path = JGPush.entitlements; sourceTree = "<group>"; };
		D6C777361FCC17CB0048837D /* CoreGraphics.framework */ = {isa = PBXFileReference; lastKnownFileType = wrapper.framework; name = CoreGraphics.framework; path = System/Library/Frameworks/CoreGraphics.framework; sourceTree = SDKROOT; };
		D6C777381FCC17EC0048837D /* Foundation.framework */ = {isa = PBXFileReference; lastKnownFileType = wrapper.framework; name = Foundation.framework; path = System/Library/Frameworks/Foundation.framework; sourceTree = SDKROOT; };
		D6C7773A1FCC18000048837D /* UIKit.framework */ = {isa = PBXFileReference; lastKnownFileType = wrapper.framework; name = UIKit.framework; path = System/Library/Frameworks/UIKit.framework; sourceTree = SDKROOT; };
		D6C7773C1FCC18100048837D /* Security.framework */ = {isa = PBXFileReference; lastKnownFileType = wrapper.framework; name = Security.framework; path = System/Library/Frameworks/Security.framework; sourceTree = SDKROOT; };
		D6C7773E1FCC181D0048837D /* libz.tbd */ = {isa = PBXFileReference; lastKnownFileType = "sourcecode.text-based-dylib-definition"; name = libz.tbd; path = usr/lib/libz.tbd; sourceTree = SDKROOT; };
		D6C777401FCC185E0048837D /* UserNotifications.framework */ = {isa = PBXFileReference; lastKnownFileType = wrapper.framework; name = UserNotifications.framework; path = System/Library/Frameworks/UserNotifications.framework; sourceTree = SDKROOT; };
		D6C777421FCC186E0048837D /* libresolv.tbd */ = {isa = PBXFileReference; lastKnownFileType = "sourcecode.text-based-dylib-definition"; name = libresolv.tbd; path = usr/lib/libresolv.tbd; sourceTree = SDKROOT; };
		D6E627F31FCC0C1A00612C4C /* JGPush.app */ = {isa = PBXFileReference; explicitFileType = wrapper.application; includeInIndex = 0; path = JGPush.app; sourceTree = BUILT_PRODUCTS_DIR; };
		D6E627F61FCC0C1A00612C4C /* AppDelegate.h */ = {isa = PBXFileReference; lastKnownFileType = sourcecode.c.h; path = AppDelegate.h; sourceTree = "<group>"; };
		D6E627F71FCC0C1A00612C4C /* AppDelegate.m */ = {isa = PBXFileReference; lastKnownFileType = sourcecode.c.objc; path = AppDelegate.m; sourceTree = "<group>"; };
		D6E627F91FCC0C1A00612C4C /* ViewController.h */ = {isa = PBXFileReference; lastKnownFileType = sourcecode.c.h; path = ViewController.h; sourceTree = "<group>"; };
		D6E627FA1FCC0C1A00612C4C /* ViewController.m */ = {isa = PBXFileReference; lastKnownFileType = sourcecode.c.objc; path = ViewController.m; sourceTree = "<group>"; };
		D6E627FD1FCC0C1A00612C4C /* Base */ = {isa = PBXFileReference; lastKnownFileType = file.storyboard; name = Base; path = Base.lproj/Main.storyboard; sourceTree = "<group>"; };
		D6E627FF1FCC0C1A00612C4C /* Assets.xcassets */ = {isa = PBXFileReference; lastKnownFileType = folder.assetcatalog; path = Assets.xcassets; sourceTree = "<group>"; };
		D6E628021FCC0C1A00612C4C /* Base */ = {isa = PBXFileReference; lastKnownFileType = file.storyboard; name = Base; path = Base.lproj/LaunchScreen.storyboard; sourceTree = "<group>"; };
		D6E628041FCC0C1A00612C4C /* Info.plist */ = {isa = PBXFileReference; lastKnownFileType = text.plist.xml; path = Info.plist; sourceTree = "<group>"; };
		D6E628051FCC0C1A00612C4C /* main.m */ = {isa = PBXFileReference; lastKnownFileType = sourcecode.c.objc; path = main.m; sourceTree = "<group>"; };
		D6E6280B1FCC0C1A00612C4C /* JGPushTests.xctest */ = {isa = PBXFileReference; explicitFileType = wrapper.cfbundle; includeInIndex = 0; path = JGPushTests.xctest; sourceTree = BUILT_PRODUCTS_DIR; };
		D6E6280F1FCC0C1A00612C4C /* JGPushTests.m */ = {isa = PBXFileReference; lastKnownFileType = sourcecode.c.objc; path = JGPushTests.m; sourceTree = "<group>"; };
		D6E628111FCC0C1A00612C4C /* Info.plist */ = {isa = PBXFileReference; lastKnownFileType = text.plist.xml; path = Info.plist; sourceTree = "<group>"; };
		D6E628161FCC0C1A00612C4C /* JGPushUITests.xctest */ = {isa = PBXFileReference; explicitFileType = wrapper.cfbundle; includeInIndex = 0; path = JGPushUITests.xctest; sourceTree = BUILT_PRODUCTS_DIR; };
		D6E6281A1FCC0C1A00612C4C /* JGPushUITests.m */ = {isa = PBXFileReference; lastKnownFileType = sourcecode.c.objc; path = JGPushUITests.m; sourceTree = "<group>"; };
		D6E6281C1FCC0C1A00612C4C /* Info.plist */ = {isa = PBXFileReference; lastKnownFileType = text.plist.xml; path = Info.plist; sourceTree = "<group>"; };
		D6E6285B1FCC169700612C4C /* JPushNotificationExtensionService.h */ = {isa = PBXFileReference; fileEncoding = 4; lastKnownFileType = sourcecode.c.h; path = JPushNotificationExtensionService.h; sourceTree = "<group>"; };
		D6E6285C1FCC169700612C4C /* JPUSHService.h */ = {isa = PBXFileReference; fileEncoding = 4; lastKnownFileType = sourcecode.c.h; path = JPUSHService.h; sourceTree = "<group>"; };
		D6E6285D1FCC169700612C4C /* jpush-ios-3.0.7.a */ = {isa = PBXFileReference; lastKnownFileType = archive.ar; path = "jpush-ios-3.0.7.a"; sourceTree = "<group>"; };
		D6E6285E1FCC169700612C4C /* jcore-ios-1.1.6.a */ = {isa = PBXFileReference; lastKnownFileType = archive.ar; path = "jcore-ios-1.1.6.a"; sourceTree = "<group>"; };
		D6E6285F1FCC169700612C4C /* jpush-extension-ios-1.0.0.a */ = {isa = PBXFileReference; lastKnownFileType = archive.ar; path = "jpush-extension-ios-1.0.0.a"; sourceTree = "<group>"; };
		D6E628601FCC169700612C4C /* README.txt */ = {isa = PBXFileReference; fileEncoding = 4; lastKnownFileType = text; path = README.txt; sourceTree = "<group>"; };
		D6E6288B1FCC170B00612C4C /* CFNetwork.framework */ = {isa = PBXFileReference; lastKnownFileType = wrapper.framework; name = CFNetwork.framework; path = System/Library/Frameworks/CFNetwork.framework; sourceTree = SDKROOT; };
		D6E6288C1FCC171800612C4C /* CoreFoundation.framework */ = {isa = PBXFileReference; lastKnownFileType = wrapper.framework; name = CoreFoundation.framework; path = System/Library/Frameworks/CoreFoundation.framework; sourceTree = SDKROOT; };
		D6E6288D1FCC173100612C4C /* Accelerate.framework */ = {isa = PBXFileReference; lastKnownFileType = wrapper.framework; name = Accelerate.framework; path = System/Library/Frameworks/Accelerate.framework; sourceTree = SDKROOT; };
		D6E628931FCC177500612C4C /* CoreTelephony.framework */ = {isa = PBXFileReference; lastKnownFileType = wrapper.framework; name = CoreTelephony.framework; path = System/Library/Frameworks/CoreTelephony.framework; sourceTree = SDKROOT; };
		D6E628941FCC177E00612C4C /* SystemConfiguration.framework */ = {isa = PBXFileReference; lastKnownFileType = wrapper.framework; name = SystemConfiguration.framework; path = System/Library/Frameworks/SystemConfiguration.framework; sourceTree = SDKROOT; };
/* End PBXFileReference section */

/* Begin PBXFrameworksBuildPhase section */
		D6E627F01FCC0C1A00612C4C /* Frameworks */ = {
			isa = PBXFrameworksBuildPhase;
			buildActionMask = 2147483647;
			files = (
				D6C777411FCC18620048837D /* UserNotifications.framework in Frameworks */,
				D6C7773D1FCC18130048837D /* Security.framework in Frameworks */,
				D6C7773F1FCC181E0048837D /* libz.tbd in Frameworks */,
				D6C7773B1FCC18030048837D /* UIKit.framework in Frameworks */,
				D6C777391FCC17F10048837D /* Foundation.framework in Frameworks */,
				D6C777431FCC186F0048837D /* libresolv.tbd in Frameworks */,
				D6C777371FCC17DD0048837D /* CoreGraphics.framework in Frameworks */,
				D6C777331FCC17C10048837D /* SystemConfiguration.framework in Frameworks */,
				D6E628921FCC176D00612C4C /* CoreFoundation.framework in Frameworks */,
				D6E6288F1FCC176300612C4C /* CFNetwork.framework in Frameworks */,
				D6E628881FCC169700612C4C /* jpush-extension-ios-1.0.0.a in Frameworks */,
				D6E628871FCC169700612C4C /* jcore-ios-1.1.6.a in Frameworks */,
				D6E628861FCC169700612C4C /* jpush-ios-3.0.7.a in Frameworks */,
			);
			runOnlyForDeploymentPostprocessing = 0;
		};
		D6E628081FCC0C1A00612C4C /* Frameworks */ = {
			isa = PBXFrameworksBuildPhase;
			buildActionMask = 2147483647;
			files = (
			);
			runOnlyForDeploymentPostprocessing = 0;
		};
		D6E628131FCC0C1A00612C4C /* Frameworks */ = {
			isa = PBXFrameworksBuildPhase;
			buildActionMask = 2147483647;
			files = (
			);
			runOnlyForDeploymentPostprocessing = 0;
		};
/* End PBXFrameworksBuildPhase section */

/* Begin PBXGroup section */
		D6E627EA1FCC0C1A00612C4C = {
			isa = PBXGroup;
			children = (
				D6E627F51FCC0C1A00612C4C /* JGPush */,
				D6E6280E1FCC0C1A00612C4C /* JGPushTests */,
				D6E628191FCC0C1A00612C4C /* JGPushUITests */,
				D6E627F41FCC0C1A00612C4C /* Products */,
				D6E6288A1FCC170B00612C4C /* Frameworks */,
			);
			sourceTree = "<group>";
		};
		D6E627F41FCC0C1A00612C4C /* Products */ = {
			isa = PBXGroup;
			children = (
				D6E627F31FCC0C1A00612C4C /* JGPush.app */,
				D6E6280B1FCC0C1A00612C4C /* JGPushTests.xctest */,
				D6E628161FCC0C1A00612C4C /* JGPushUITests.xctest */,
			);
			name = Products;
			sourceTree = "<group>";
		};
		D6E627F51FCC0C1A00612C4C /* JGPush */ = {
			isa = PBXGroup;
			children = (
				D622F9951FCC19C1009DCA48 /* JGPush.entitlements */,
				D6E628281FCC169700612C4C /* jpush-ios-3.0.7-release */,
				D6E627F61FCC0C1A00612C4C /* AppDelegate.h */,
				D6E627F71FCC0C1A00612C4C /* AppDelegate.m */,
				D6E627F91FCC0C1A00612C4C /* ViewController.h */,
				D6E627FA1FCC0C1A00612C4C /* ViewController.m */,
				D6E627FC1FCC0C1A00612C4C /* Main.storyboard */,
				D6E627FF1FCC0C1A00612C4C /* Assets.xcassets */,
				D6E628011FCC0C1A00612C4C /* LaunchScreen.storyboard */,
				D6E628041FCC0C1A00612C4C /* Info.plist */,
				D6E628051FCC0C1A00612C4C /* main.m */,
			);
			path = JGPush;
			sourceTree = "<group>";
		};
		D6E6280E1FCC0C1A00612C4C /* JGPushTests */ = {
			isa = PBXGroup;
			children = (
				D6E6280F1FCC0C1A00612C4C /* JGPushTests.m */,
				D6E628111FCC0C1A00612C4C /* Info.plist */,
			);
			path = JGPushTests;
			sourceTree = "<group>";
		};
		D6E628191FCC0C1A00612C4C /* JGPushUITests */ = {
			isa = PBXGroup;
			children = (
				D6E6281A1FCC0C1A00612C4C /* JGPushUITests.m */,
				D6E6281C1FCC0C1A00612C4C /* Info.plist */,
			);
			path = JGPushUITests;
			sourceTree = "<group>";
		};
		D6E628281FCC169700612C4C /* jpush-ios-3.0.7-release */ = {
			isa = PBXGroup;
			children = (
				D6E6285A1FCC169700612C4C /* Lib */,
				D6E628601FCC169700612C4C /* README.txt */,
			);
			path = "jpush-ios-3.0.7-release";
			sourceTree = "<group>";
		};
		D6E6285A1FCC169700612C4C /* Lib */ = {
			isa = PBXGroup;
			children = (
				D6E6285B1FCC169700612C4C /* JPushNotificationExtensionService.h */,
				D6E6285C1FCC169700612C4C /* JPUSHService.h */,
				D6E6285D1FCC169700612C4C /* jpush-ios-3.0.7.a */,
				D6E6285E1FCC169700612C4C /* jcore-ios-1.1.6.a */,
				D6E6285F1FCC169700612C4C /* jpush-extension-ios-1.0.0.a */,
			);
			path = Lib;
			sourceTree = "<group>";
		};
		D6E6288A1FCC170B00612C4C /* Frameworks */ = {
			isa = PBXGroup;
			children = (
				D6C777421FCC186E0048837D /* libresolv.tbd */,
				D6C777401FCC185E0048837D /* UserNotifications.framework */,
				D6C7773E1FCC181D0048837D /* libz.tbd */,
				D6C7773C1FCC18100048837D /* Security.framework */,
				D6C7773A1FCC18000048837D /* UIKit.framework */,
				D6C777381FCC17EC0048837D /* Foundation.framework */,
				D6C777361FCC17CB0048837D /* CoreGraphics.framework */,
				D6E628941FCC177E00612C4C /* SystemConfiguration.framework */,
				D6E628931FCC177500612C4C /* CoreTelephony.framework */,
				D6E6288D1FCC173100612C4C /* Accelerate.framework */,
				D6E6288C1FCC171800612C4C /* CoreFoundation.framework */,
				D6E6288B1FCC170B00612C4C /* CFNetwork.framework */,
			);
			name = Frameworks;
			sourceTree = "<group>";
		};
/* End PBXGroup section */

/* Begin PBXNativeTarget section */
		D6E627F21FCC0C1A00612C4C /* JGPush */ = {
			isa = PBXNativeTarget;
			buildConfigurationList = D6E6281F1FCC0C1A00612C4C /* Build configuration list for PBXNativeTarget "JGPush" */;
			buildPhases = (
				D6E627EF1FCC0C1A00612C4C /* Sources */,
				D6E627F01FCC0C1A00612C4C /* Frameworks */,
				D6E627F11FCC0C1A00612C4C /* Resources */,
			);
			buildRules = (
			);
			dependencies = (
			);
			name = JGPush;
			productName = JGPush;
			productReference = D6E627F31FCC0C1A00612C4C /* JGPush.app */;
			productType = "com.apple.product-type.application";
		};
		D6E6280A1FCC0C1A00612C4C /* JGPushTests */ = {
			isa = PBXNativeTarget;
			buildConfigurationList = D6E628221FCC0C1A00612C4C /* Build configuration list for PBXNativeTarget "JGPushTests" */;
			buildPhases = (
				D6E628071FCC0C1A00612C4C /* Sources */,
				D6E628081FCC0C1A00612C4C /* Frameworks */,
				D6E628091FCC0C1A00612C4C /* Resources */,
			);
			buildRules = (
			);
			dependencies = (
				D6E6280D1FCC0C1A00612C4C /* PBXTargetDependency */,
			);
			name = JGPushTests;
			productName = JGPushTests;
			productReference = D6E6280B1FCC0C1A00612C4C /* JGPushTests.xctest */;
			productType = "com.apple.product-type.bundle.unit-test";
		};
		D6E628151FCC0C1A00612C4C /* JGPushUITests */ = {
			isa = PBXNativeTarget;
			buildConfigurationList = D6E628251FCC0C1A00612C4C /* Build configuration list for PBXNativeTarget "JGPushUITests" */;
			buildPhases = (
				D6E628121FCC0C1A00612C4C /* Sources */,
				D6E628131FCC0C1A00612C4C /* Frameworks */,
				D6E628141FCC0C1A00612C4C /* Resources */,
			);
			buildRules = (
			);
			dependencies = (
				D6E628181FCC0C1A00612C4C /* PBXTargetDependency */,
			);
			name = JGPushUITests;
			productName = JGPushUITests;
			productReference = D6E628161FCC0C1A00612C4C /* JGPushUITests.xctest */;
			productType = "com.apple.product-type.bundle.ui-testing";
		};
/* End PBXNativeTarget section */

/* Begin PBXProject section */
		D6E627EB1FCC0C1A00612C4C /* Project object */ = {
			isa = PBXProject;
			attributes = {
				LastUpgradeCheck = 0910;
				ORGANIZATIONNAME = "赵宏亚";
				TargetAttributes = {
					D6E627F21FCC0C1A00612C4C = {
						CreatedOnToolsVersion = 9.1;
						ProvisioningStyle = Automatic;
						SystemCapabilities = {
							com.apple.Push = {
								enabled = 1;
							};
						};
					};
					D6E6280A1FCC0C1A00612C4C = {
						CreatedOnToolsVersion = 9.1;
						ProvisioningStyle = Automatic;
						TestTargetID = D6E627F21FCC0C1A00612C4C;
					};
					D6E628151FCC0C1A00612C4C = {
						CreatedOnToolsVersion = 9.1;
						ProvisioningStyle = Automatic;
						TestTargetID = D6E627F21FCC0C1A00612C4C;
					};
				};
			};
			buildConfigurationList = D6E627EE1FCC0C1A00612C4C /* Build configuration list for PBXProject "JGPush" */;
			compatibilityVersion = "Xcode 8.0";
			developmentRegion = en;
			hasScannedForEncodings = 0;
			knownRegions = (
				en,
				Base,
			);
			mainGroup = D6E627EA1FCC0C1A00612C4C;
			productRefGroup = D6E627F41FCC0C1A00612C4C /* Products */;
			projectDirPath = "";
			projectRoot = "";
			targets = (
				D6E627F21FCC0C1A00612C4C /* JGPush */,
				D6E6280A1FCC0C1A00612C4C /* JGPushTests */,
				D6E628151FCC0C1A00612C4C /* JGPushUITests */,
			);
		};
/* End PBXProject section */

/* Begin PBXResourcesBuildPhase section */
		D6E627F11FCC0C1A00612C4C /* Resources */ = {
			isa = PBXResourcesBuildPhase;
			buildActionMask = 2147483647;
			files = (
				D6E628031FCC0C1A00612C4C /* LaunchScreen.storyboard in Resources */,
				D6E628001FCC0C1A00612C4C /* Assets.xcassets in Resources */,
				D6E627FE1FCC0C1A00612C4C /* Main.storyboard in Resources */,
				D6E628891FCC169700612C4C /* README.txt in Resources */,
			);
			runOnlyForDeploymentPostprocessing = 0;
		};
		D6E628091FCC0C1A00612C4C /* Resources */ = {
			isa = PBXResourcesBuildPhase;
			buildActionMask = 2147483647;
			files = (
			);
			runOnlyForDeploymentPostprocessing = 0;
		};
		D6E628141FCC0C1A00612C4C /* Resources */ = {
			isa = PBXResourcesBuildPhase;
			buildActionMask = 2147483647;
			files = (
			);
			runOnlyForDeploymentPostprocessing = 0;
		};
/* End PBXResourcesBuildPhase section */

/* Begin PBXSourcesBuildPhase section */
		D6E627EF1FCC0C1A00612C4C /* Sources */ = {
			isa = PBXSourcesBuildPhase;
			buildActionMask = 2147483647;
			files = (
				D6E627FB1FCC0C1A00612C4C /* ViewController.m in Sources */,
				D6E628061FCC0C1A00612C4C /* main.m in Sources */,
				D6E627F81FCC0C1A00612C4C /* AppDelegate.m in Sources */,
			);
			runOnlyForDeploymentPostprocessing = 0;
		};
		D6E628071FCC0C1A00612C4C /* Sources */ = {
			isa = PBXSourcesBuildPhase;
			buildActionMask = 2147483647;
			files = (
				D6E628101FCC0C1A00612C4C /* JGPushTests.m in Sources */,
			);
			runOnlyForDeploymentPostprocessing = 0;
		};
		D6E628121FCC0C1A00612C4C /* Sources */ = {
			isa = PBXSourcesBuildPhase;
			buildActionMask = 2147483647;
			files = (
				D6E6281B1FCC0C1A00612C4C /* JGPushUITests.m in Sources */,
			);
			runOnlyForDeploymentPostprocessing = 0;
		};
/* End PBXSourcesBuildPhase section */

/* Begin PBXTargetDependency section */
		D6E6280D1FCC0C1A00612C4C /* PBXTargetDependency */ = {
			isa = PBXTargetDependency;
			target = D6E627F21FCC0C1A00612C4C /* JGPush */;
			targetProxy = D6E6280C1FCC0C1A00612C4C /* PBXContainerItemProxy */;
		};
		D6E628181FCC0C1A00612C4C /* PBXTargetDependency */ = {
			isa = PBXTargetDependency;
			target = D6E627F21FCC0C1A00612C4C /* JGPush */;
			targetProxy = D6E628171FCC0C1A00612C4C /* PBXContainerItemProxy */;
		};
/* End PBXTargetDependency section */

/* Begin PBXVariantGroup section */
		D6E627FC1FCC0C1A00612C4C /* Main.storyboard */ = {
			isa = PBXVariantGroup;
			children = (
				D6E627FD1FCC0C1A00612C4C /* Base */,
			);
			name = Main.storyboard;
			sourceTree = "<group>";
		};
		D6E628011FCC0C1A00612C4C /* LaunchScreen.storyboard */ = {
			isa = PBXVariantGroup;
			children = (
				D6E628021FCC0C1A00612C4C /* Base */,
			);
			name = LaunchScreen.storyboard;
			sourceTree = "<group>";
		};
/* End PBXVariantGroup section */

/* Begin XCBuildConfiguration section */
		D6E6281D1FCC0C1A00612C4C /* Debug */ = {
			isa = XCBuildConfiguration;
			buildSettings = {
				ALWAYS_SEARCH_USER_PATHS = NO;
				CLANG_ANALYZER_NONNULL = YES;
				CLANG_ANALYZER_NUMBER_OBJECT_CONVERSION = YES_AGGRESSIVE;
				CLANG_CXX_LANGUAGE_STANDARD = "gnu++14";
				CLANG_CXX_LIBRARY = "libc++";
				CLANG_ENABLE_MODULES = YES;
				CLANG_ENABLE_OBJC_ARC = YES;
				CLANG_WARN_BLOCK_CAPTURE_AUTORELEASING = YES;
				CLANG_WARN_BOOL_CONVERSION = YES;
				CLANG_WARN_COMMA = YES;
				CLANG_WARN_CONSTANT_CONVERSION = YES;
				CLANG_WARN_DIRECT_OBJC_ISA_USAGE = YES_ERROR;
				CLANG_WARN_DOCUMENTATION_COMMENTS = YES;
				CLANG_WARN_EMPTY_BODY = YES;
				CLANG_WARN_ENUM_CONVERSION = YES;
				CLANG_WARN_INFINITE_RECURSION = YES;
				CLANG_WARN_INT_CONVERSION = YES;
				CLANG_WARN_NON_LITERAL_NULL_CONVERSION = YES;
				CLANG_WARN_OBJC_LITERAL_CONVERSION = YES;
				CLANG_WARN_OBJC_ROOT_CLASS = YES_ERROR;
				CLANG_WARN_RANGE_LOOP_ANALYSIS = YES;
				CLANG_WARN_STRICT_PROTOTYPES = YES;
				CLANG_WARN_SUSPICIOUS_MOVE = YES;
				CLANG_WARN_UNGUARDED_AVAILABILITY = YES_AGGRESSIVE;
				CLANG_WARN_UNREACHABLE_CODE = YES;
				CLANG_WARN__DUPLICATE_METHOD_MATCH = YES;
				CODE_SIGN_IDENTITY = "iPhone Developer";
				COPY_PHASE_STRIP = NO;
				DEBUG_INFORMATION_FORMAT = dwarf;
				ENABLE_STRICT_OBJC_MSGSEND = YES;
				ENABLE_TESTABILITY = YES;
				GCC_C_LANGUAGE_STANDARD = gnu11;
				GCC_DYNAMIC_NO_PIC = NO;
				GCC_NO_COMMON_BLOCKS = YES;
				GCC_OPTIMIZATION_LEVEL = 0;
				GCC_PREPROCESSOR_DEFINITIONS = (
					"DEBUG=1",
					"$(inherited)",
				);
				GCC_WARN_64_TO_32_BIT_CONVERSION = YES;
				GCC_WARN_ABOUT_RETURN_TYPE = YES_ERROR;
				GCC_WARN_UNDECLARED_SELECTOR = YES;
				GCC_WARN_UNINITIALIZED_AUTOS = YES_AGGRESSIVE;
				GCC_WARN_UNUSED_FUNCTION = YES;
				GCC_WARN_UNUSED_VARIABLE = YES;
				IPHONEOS_DEPLOYMENT_TARGET = 11.1;
				MTL_ENABLE_DEBUG_INFO = YES;
				ONLY_ACTIVE_ARCH = YES;
				SDKROOT = iphoneos;
			};
			name = Debug;
		};
		D6E6281E1FCC0C1A00612C4C /* Release */ = {
			isa = XCBuildConfiguration;
			buildSettings = {
				ALWAYS_SEARCH_USER_PATHS = NO;
				CLANG_ANALYZER_NONNULL = YES;
				CLANG_ANALYZER_NUMBER_OBJECT_CONVERSION = YES_AGGRESSIVE;
				CLANG_CXX_LANGUAGE_STANDARD = "gnu++14";
				CLANG_CXX_LIBRARY = "libc++";
				CLANG_ENABLE_MODULES = YES;
				CLANG_ENABLE_OBJC_ARC = YES;
				CLANG_WARN_BLOCK_CAPTURE_AUTORELEASING = YES;
				CLANG_WARN_BOOL_CONVERSION = YES;
				CLANG_WARN_COMMA = YES;
				CLANG_WARN_CONSTANT_CONVERSION = YES;
				CLANG_WARN_DIRECT_OBJC_ISA_USAGE = YES_ERROR;
				CLANG_WARN_DOCUMENTATION_COMMENTS = YES;
				CLANG_WARN_EMPTY_BODY = YES;
				CLANG_WARN_ENUM_CONVERSION = YES;
				CLANG_WARN_INFINITE_RECURSION = YES;
				CLANG_WARN_INT_CONVERSION = YES;
				CLANG_WARN_NON_LITERAL_NULL_CONVERSION = YES;
				CLANG_WARN_OBJC_LITERAL_CONVERSION = YES;
				CLANG_WARN_OBJC_ROOT_CLASS = YES_ERROR;
				CLANG_WARN_RANGE_LOOP_ANALYSIS = YES;
				CLANG_WARN_STRICT_PROTOTYPES = YES;
				CLANG_WARN_SUSPICIOUS_MOVE = YES;
				CLANG_WARN_UNGUARDED_AVAILABILITY = YES_AGGRESSIVE;
				CLANG_WARN_UNREACHABLE_CODE = YES;
				CLANG_WARN__DUPLICATE_METHOD_MATCH = YES;
				CODE_SIGN_IDENTITY = "iPhone Developer";
				COPY_PHASE_STRIP = NO;
				DEBUG_INFORMATION_FORMAT = "dwarf-with-dsym";
				ENABLE_NS_ASSERTIONS = NO;
				ENABLE_STRICT_OBJC_MSGSEND = YES;
				GCC_C_LANGUAGE_STANDARD = gnu11;
				GCC_NO_COMMON_BLOCKS = YES;
				GCC_WARN_64_TO_32_BIT_CONVERSION = YES;
				GCC_WARN_ABOUT_RETURN_TYPE = YES_ERROR;
				GCC_WARN_UNDECLARED_SELECTOR = YES;
				GCC_WARN_UNINITIALIZED_AUTOS = YES_AGGRESSIVE;
				GCC_WARN_UNUSED_FUNCTION = YES;
				GCC_WARN_UNUSED_VARIABLE = YES;
				IPHONEOS_DEPLOYMENT_TARGET = 11.1;
				MTL_ENABLE_DEBUG_INFO = NO;
				SDKROOT = iphoneos;
				VALIDATE_PRODUCT = YES;
			};
			name = Release;
		};
		D6E628201FCC0C1A00612C4C /* Debug */ = {
			isa = XCBuildConfiguration;
			buildSettings = {
				ASSETCATALOG_COMPILER_APPICON_NAME = AppIcon;
				CODE_SIGN_ENTITLEMENTS = JGPush/JGPush.entitlements;
				CODE_SIGN_STYLE = Automatic;
				DEVELOPMENT_TEAM = GM2EX5ALF4;
				ENABLE_BITCODE = NO;
				INFOPLIST_FILE = JGPush/Info.plist;
				IPHONEOS_DEPLOYMENT_TARGET = 8.0;
				LD_RUNPATH_SEARCH_PATHS = "$(inherited) @executable_path/Frameworks";
				LIBRARY_SEARCH_PATHS = (
					"$(inherited)",
					"$(PROJECT_DIR)/JGPush/jpush-ios-3.0.7-release/Lib",
					"\"$(SRCROOT)/JGPush/jpush-ios-3.0.7-release/Lib/jpush-ios-3.0.7.a\"",
					"\"$(SRCROOT)/JGPush/jpush-ios-3.0.7-release/Lib/jcore-ios-1.1.6.a\"",
					"\"$(SRCROOT)/JGPush/jpush-ios-3.0.7-release/Lib/jpush-extension-ios-1.0.0.a\"",
				);
				PRODUCT_BUNDLE_IDENTIFIER = tekuaijinfu.cn;
				PRODUCT_NAME = "$(TARGET_NAME)";
				TARGETED_DEVICE_FAMILY = "1,2";
				USER_HEADER_SEARCH_PATHS = "\"$(SRCROOT)/JGPush/jpush-ios-3.0.7-release/Lib/jpush-ios-3.0.7.a\" \"$(SRCROOT)/JGPush/jpush-ios-3.0.7-release/Lib/jcore-ios-1.1.6.a\" \"$(SRCROOT)/JGPush/jpush-ios-3.0.7-release/Lib/jpush-extension-ios-1.0.0.a\"";
			};
			name = Debug;
		};
		D6E628211FCC0C1A00612C4C /* Release */ = {
			isa = XCBuildConfiguration;
			buildSettings = {
				ASSETCATALOG_COMPILER_APPICON_NAME = AppIcon;
				CODE_SIGN_ENTITLEMENTS = JGPush/JGPush.entitlements;
				CODE_SIGN_STYLE = Automatic;
				DEVELOPMENT_TEAM = GM2EX5ALF4;
				ENABLE_BITCODE = NO;
				INFOPLIST_FILE = JGPush/Info.plist;
				IPHONEOS_DEPLOYMENT_TARGET = 8.0;
				LD_RUNPATH_SEARCH_PATHS = "$(inherited) @executable_path/Frameworks";
				LIBRARY_SEARCH_PATHS = (
					"$(inherited)",
					"$(PROJECT_DIR)/JGPush/jpush-ios-3.0.7-release/Lib",
					"\"$(SRCROOT)/JGPush/jpush-ios-3.0.7-release/Lib/jpush-ios-3.0.7.a\"",
					"\"$(SRCROOT)/JGPush/jpush-ios-3.0.7-release/Lib/jcore-ios-1.1.6.a\"",
					"\"$(SRCROOT)/JGPush/jpush-ios-3.0.7-release/Lib/jpush-extension-ios-1.0.0.a\"",
				);
				PRODUCT_BUNDLE_IDENTIFIER = tekuaijinfu.cn;
				PRODUCT_NAME = "$(TARGET_NAME)";
				TARGETED_DEVICE_FAMILY = "1,2";
				USER_HEADER_SEARCH_PATHS = "\"$(SRCROOT)/JGPush/jpush-ios-3.0.7-release/Lib/jpush-ios-3.0.7.a\" \"$(SRCROOT)/JGPush/jpush-ios-3.0.7-release/Lib/jcore-ios-1.1.6.a\" \"$(SRCROOT)/JGPush/jpush-ios-3.0.7-release/Lib/jpush-extension-ios-1.0.0.a\"";
			};
			name = Release;
		};
		D6E628231FCC0C1A00612C4C /* Debug */ = {
			isa = XCBuildConfiguration;
			buildSettings = {
				BUNDLE_LOADER = "$(TEST_HOST)";
				CODE_SIGN_STYLE = Automatic;
				DEVELOPMENT_TEAM = GM2EX5ALF4;
				INFOPLIST_FILE = JGPushTests/Info.plist;
				LD_RUNPATH_SEARCH_PATHS = "$(inherited) @executable_path/Frameworks @loader_path/Frameworks";
				PRODUCT_BUNDLE_IDENTIFIER = tekuijinfu.JGPushTests;
				PRODUCT_NAME = "$(TARGET_NAME)";
				TARGETED_DEVICE_FAMILY = "1,2";
				TEST_HOST = "$(BUILT_PRODUCTS_DIR)/JGPush.app/JGPush";
			};
			name = Debug;
		};
		D6E628241FCC0C1A00612C4C /* Release */ = {
			isa = XCBuildConfiguration;
			buildSettings = {
				BUNDLE_LOADER = "$(TEST_HOST)";
				CODE_SIGN_STYLE = Automatic;
				DEVELOPMENT_TEAM = GM2EX5ALF4;
				INFOPLIST_FILE = JGPushTests/Info.plist;
				LD_RUNPATH_SEARCH_PATHS = "$(inherited) @executable_path/Frameworks @loader_path/Frameworks";
				PRODUCT_BUNDLE_IDENTIFIER = tekuijinfu.JGPushTests;
				PRODUCT_NAME = "$(TARGET_NAME)";
				TARGETED_DEVICE_FAMILY = "1,2";
				TEST_HOST = "$(BUILT_PRODUCTS_DIR)/JGPush.app/JGPush";
			};
			name = Release;
		};
		D6E628261FCC0C1A00612C4C /* Debug */ = {
			isa = XCBuildConfiguration;
			buildSettings = {
				CODE_SIGN_STYLE = Automatic;
				DEVELOPMENT_TEAM = GM2EX5ALF4;
				INFOPLIST_FILE = JGPushUITests/Info.plist;
				LD_RUNPATH_SEARCH_PATHS = "$(inherited) @executable_path/Frameworks @loader_path/Frameworks";
				PRODUCT_BUNDLE_IDENTIFIER = tekuijinfu.JGPushUITests;
				PRODUCT_NAME = "$(TARGET_NAME)";
				TARGETED_DEVICE_FAMILY = "1,2";
				TEST_TARGET_NAME = JGPush;
			};
			name = Debug;
		};
		D6E628271FCC0C1A00612C4C /* Release */ = {
			isa = XCBuildConfiguration;
			buildSettings = {
				CODE_SIGN_STYLE = Automatic;
				DEVELOPMENT_TEAM = GM2EX5ALF4;
				INFOPLIST_FILE = JGPushUITests/Info.plist;
				LD_RUNPATH_SEARCH_PATHS = "$(inherited) @executable_path/Frameworks @loader_path/Frameworks";
				PRODUCT_BUNDLE_IDENTIFIER = tekuijinfu.JGPushUITests;
				PRODUCT_NAME = "$(TARGET_NAME)";
				TARGETED_DEVICE_FAMILY = "1,2";
				TEST_TARGET_NAME = JGPush;
			};
			name = Release;
		};
/* End XCBuildConfiguration section */

/* Begin XCConfigurationList section */
		D6E627EE1FCC0C1A00612C4C /* Build configuration list for PBXProject "JGPush" */ = {
			isa = XCConfigurationList;
			buildConfigurations = (
				D6E6281D1FCC0C1A00612C4C /* Debug */,
				D6E6281E1FCC0C1A00612C4C /* Release */,
			);
			defaultConfigurationIsVisible = 0;
			defaultConfigurationName = Release;
		};
		D6E6281F1FCC0C1A00612C4C /* Build configuration list for PBXNativeTarget "JGPush" */ = {
			isa = XCConfigurationList;
			buildConfigurations = (
				D6E628201FCC0C1A00612C4C /* Debug */,
				D6E628211FCC0C1A00612C4C /* Release */,
			);
			defaultConfigurationIsVisible = 0;
			defaultConfigurationName = Release;
		};
		D6E628221FCC0C1A00612C4C /* Build configuration list for PBXNativeTarget "JGPushTests" */ = {
			isa = XCConfigurationList;
			buildConfigurations = (
				D6E628231FCC0C1A00612C4C /* Debug */,
				D6E628241FCC0C1A00612C4C /* Release */,
			);
			defaultConfigurationIsVisible = 0;
			defaultConfigurationName = Release;
		};
		D6E628251FCC0C1A00612C4C /* Build configuration list for PBXNativeTarget "JGPushUITests" */ = {
			isa = XCConfigurationList;
			buildConfigurations = (
				D6E628261FCC0C1A00612C4C /* Debug */,
				D6E628271FCC0C1A00612C4C /* Release */,
			);
			defaultConfigurationIsVisible = 0;
			defaultConfigurationName = Release;
		};
/* End XCConfigurationList section */
	};
	rootObject = D6E627EB1FCC0C1A00612C4C /* Project object */;
}
